
Microsoft Visual Studio Solution File, Format Version 12.00
# Visual Studio Version 17
VisualStudioVersion = 17.2.32526.322
MinimumVisualStudioVersion = 10.0.40219.1
Project("{FAE04EC0-301F-11D3-BF4B-00C04F79EFBC}") = "EclipseGamePicker", "EclipseGamePicker\EclipseGamePicker.csproj", "{71E391EA-0C67-42CE-8072-320F2B707DDC}"
EndProject
Global
	GlobalSection(SolutionConfigurationPlatforms) = preSolution
		Debug|Any CPU = Debug|Any CPU
		Release|Any CPU = Release|Any CPU
	EndGlobalSection
	GlobalSection(ProjectConfigurationPlatforms) = postSolution
		{71E391EA-0C67-42CE-8072-320F2B707DDC}.Debug|Any CPU.ActiveCfg = Debug|Any CPU
		{71E391EA-0C67-42CE-8072-320F2B707DDC}.Debug|Any CPU.Build.0 = Debug|Any CPU
		{71E391EA-0C67-42CE-8072-320F2B707DDC}.Release|Any CPU.ActiveCfg = Release|Any CPU
		{71E391EA-0C67-42CE-8072-320F2B707DDC}.Release|Any CPU.Build.0 = Release|Any CPU
	EndGlobalSection
	GlobalSection(SolutionProperties) = preSolution
		HideSolutionNode = FALSE
	EndGlobalSection
	GlobalSection(ExtensibilityGlobals) = postSolution
		SolutionGuid = {93E1B0D7-B87C-40E5-8533-021A455B83E6}
	EndGlobalSection
EndGlobal
